{
  "name": "eartikel",
  "version": "1.0.0",
  "lockfileVersion": 2,
  "requires": true,
  "packages": {
    "": {
      "name": "eartikel",
      "version": "1.0.0",
      "license": "ISC",
      "dependencies": {
        "vercel-php": "^0.6.0"
      }
    },
    "node_modules/@libphp/amazon-linux-2-v82": {
      "version": "0.0.6",
      "resolved": "https://registry.npmjs.org/@libphp/amazon-linux-2-v82/-/amazon-linux-2-v82-0.0.6.tgz",
      "integrity": "sha512-PGZb9m1DI+ns6phr4zybZ4rdqFnnuYxco80o5GhfMCbu9cE2TtLREpC5vfLIw4muq1hNV+OZjEllIKyYRu8YKQ=="
    },
    "node_modules/vercel-php": {
      "version": "0.6.0",
      "resolved": "https://registry.npmjs.org/vercel-php/-/vercel-php-0.6.0.tgz",
      "integrity": "sha512-tupkxARiQQZOv5Tw/70RKTvvRYiZMdkGabKbm2uMdwFFCI4YOFD8DpEC7bQa6Y96lznkw9TzynH7v3Czds/pdw==",
      "dependencies": {
        "@libphp/amazon-linux-2-v82": "latest"
      }
    }
  },
  "dependencies": {
    "@libphp/amazon-linux-2-v82": {
      "version": "0.0.6",
      "resolved": "https://registry.npmjs.org/@libphp/amazon-linux-2-v82/-/amazon-linux-2-v82-0.0.6.tgz",
      "integrity": "sha512-PGZb9m1DI+ns6phr4zybZ4rdqFnnuYxco80o5GhfMCbu9cE2TtLREpC5vfLIw4muq1hNV+OZjEllIKyYRu8YKQ=="
    },
    "vercel-php": {
      "version": "0.6.0",
      "resolved": "https://registry.npmjs.org/vercel-php/-/vercel-php-0.6.0.tgz",
      "integrity": "sha512-tupkxARiQQZOv5Tw/70RKTvvRYiZMdkGabKbm2uMdwFFCI4YOFD8DpEC7bQa6Y96lznkw9TzynH7v3Czds/pdw==",
      "requires": {
        "@libphp/amazon-linux-2-v82": "latest"
      }
    }
  }
}
